<?xml version="1.0" encoding="utf-8"?>
<Project ToolsVersion="4.0" xmlns="http://schemas.microsoft.com/developer/msbuild/2003">
  <ItemGroup>
    <Filter Include="network">
      <UniqueIdentifier>{2135c318-0f41-40d1-a50b-1f119c02da53}</UniqueIdentifier>
    </Filter>
    <Filter Include="system">
      <UniqueIdentifier>{733ef496-c14a-462f-b007-e3a8b8c78d8c}</UniqueIdentifier>
    </Filter>
    <Filter Include="network\IOCP">
      <UniqueIdentifier>{931e1fc5-f490-4a94-8c4e-b0bdc3fb28c9}</UniqueIdentifier>
    </Filter>
    <Filter Include="network\HTTP">
      <UniqueIdentifier>{bbe72b15-1503-4db8-a39d-f74ce86c60f5}</UniqueIdentifier>
    </Filter>
    <Filter Include="system\LOG">
      <UniqueIdentifier>{b675a1f8-a852-4fd5-83d5-85e73ec8acb2}</UniqueIdentifier>
    </Filter>
    <Filter Include="system\TIME">
      <UniqueIdentifier>{785ca38f-75c6-4c27-bfd8-0681a54d1914}</UniqueIdentifier>
    </Filter>
    <Filter Include="system\STEAM">
      <UniqueIdentifier>{d1112850-a1f1-4427-970a-5d85428af0e1}</UniqueIdentifier>
    </Filter>
    <Filter Include="packet">
      <UniqueIdentifier>{70ecae3b-0a18-4192-a3e1-ad8c0cfb04ee}</UniqueIdentifier>
    </Filter>
  </ItemGroup>
  <ItemGroup>
    <ClInclude Include="Network\SocketCommon.h">
      <Filter>network</Filter>
    </ClInclude>
    <ClInclude Include="Network\IOCPSocket.h">
      <Filter>network\IOCP</Filter>
    </ClInclude>
    <ClInclude Include="Network\IOCPServer.h">
      <Filter>network\IOCP</Filter>
    </ClInclude>
    <ClInclude Include="Network\HttpClient.h">
      <Filter>network\HTTP</Filter>
    </ClInclude>
    <ClInclude Include="Network\HttpData.h">
      <Filter>network\HTTP</Filter>
    </ClInclude>
    <ClInclude Include="Network\HttpStateCode.h">
      <Filter>network\HTTP</Filter>
    </ClInclude>
    <ClInclude Include="system\LogSystem.h">
      <Filter>system\LOG</Filter>
    </ClInclude>
    <ClInclude Include="system\LogData.h">
      <Filter>system\LOG</Filter>
    </ClInclude>
    <ClInclude Include="system\NeoLog.h">
      <Filter>system\LOG</Filter>
    </ClInclude>
    <ClInclude Include="Singleton.h">
      <Filter>system</Filter>
    </ClInclude>
    <ClInclude Include="Network\IOCPSession.h">
      <Filter>network\IOCP</Filter>
    </ClInclude>
    <ClInclude Include="Network\IOCPData.h">
      <Filter>network\IOCP</Filter>
    </ClInclude>
    <ClInclude Include="network\SocketAddress.h">
      <Filter>network</Filter>
    </ClInclude>
    <ClInclude Include="network\TCPSocket.h">
      <Filter>network</Filter>
    </ClInclude>
    <ClInclude Include="system\InputMemoryStream.h">
      <Filter>system\STEAM</Filter>
    </ClInclude>
    <ClInclude Include="system\OutputMemoryStream.h">
      <Filter>system\STEAM</Filter>
    </ClInclude>
    <ClInclude Include="system\MemoryStream.h">
      <Filter>system\STEAM</Filter>
    </ClInclude>
    <ClInclude Include="system\ByteSwaper.h">
      <Filter>system</Filter>
    </ClInclude>
    <ClInclude Include="system\Buffer.h">
      <Filter>system\STEAM</Filter>
    </ClInclude>
    <ClInclude Include="packet\Packet.h">
      <Filter>packet</Filter>
    </ClInclude>
    <ClInclude Include="packet\PacketID.h">
      <Filter>packet</Filter>
    </ClInclude>
    <ClInclude Include="packet\PacketAnalyzeAndCreate.h">
      <Filter>packet</Filter>
    </ClInclude>
    <ClInclude Include="system\MemoryPool.h">
      <Filter>system</Filter>
    </ClInclude>
  </ItemGroup>
  <ItemGroup>
    <ClCompile Include="Network\IOCPServer.cpp">
      <Filter>network\IOCP</Filter>
    </ClCompile>
    <ClCompile Include="Network\IOCPSocket.cpp">
      <Filter>network\IOCP</Filter>
    </ClCompile>
    <ClCompile Include="Network\HttpClient.cpp">
      <Filter>network\HTTP</Filter>
    </ClCompile>
    <ClCompile Include="system\LogSystem.cpp">
      <Filter>system\LOG</Filter>
    </ClCompile>
    <ClCompile Include="time\Time.cpp">
      <Filter>system\TIME</Filter>
    </ClCompile>
    <ClCompile Include="Network\IOCPSession.cpp">
      <Filter>network\IOCP</Filter>
    </ClCompile>
    <ClCompile Include="Network\IOCPData.cpp">
      <Filter>network\IOCP</Filter>
    </ClCompile>
    <ClCompile Include="network\TCPSocket.cpp">
      <Filter>network</Filter>
    </ClCompile>
    <ClCompile Include="system\InputMemoryStream.cpp">
      <Filter>system\STEAM</Filter>
    </ClCompile>
    <ClCompile Include="system\OutputMemoryStream.cpp">
      <Filter>system\STEAM</Filter>
    </ClCompile>
    <ClCompile Include="packet\PacketAnalyzeAndCreate.cpp">
      <Filter>packet</Filter>
    </ClCompile>
    <ClCompile Include="system\MemoryPool.cpp">
      <Filter>system</Filter>
    </ClCompile>
  </ItemGroup>
</Project>