<?xml version="1.0" encoding="utf-8"?>
<Project ToolsVersion="4.0" xmlns="http://schemas.microsoft.com/developer/msbuild/2003">
  <ItemGroup>
    <Filter Include="system">
      <UniqueIdentifier>{1ce7a2cb-05e5-4209-8a25-7be40d05d0b5}</UniqueIdentifier>
    </Filter>
    <Filter Include="system\lockfree">
      <UniqueIdentifier>{a0cc480b-d52a-4e66-bad4-852c52bc17c1}</UniqueIdentifier>
    </Filter>
  </ItemGroup>
  <ItemGroup>
    <ClInclude Include="Common.h" />
    <ClInclude Include="LockFreeQueue.h">
      <Filter>system\lockfree</Filter>
    </ClInclude>
    <ClInclude Include="SpinLock.h">
      <Filter>system</Filter>
    </ClInclude>
    <ClInclude Include="Test.h" />
  </ItemGroup>
  <ItemGroup>
    <ClCompile Include="Test.cpp" />
  </ItemGroup>
</Project>